
Microsoft Visual Studio Solution File, Format Version 12.00
# Visual Studio 15
VisualStudioVersion = 15.0.28307.168
MinimumVisualStudioVersion = 10.0.40219.1
Project("{FAE04EC0-301F-11D3-BF4B-00C04F79EFBC}") = "ThunderFighter1.0", "ThunderFighter1.0\ThunderFighter1.0.csproj", "{A1166DE2-41BC-467E-91A8-4CF57CF2E144}"
EndProject
Global
	GlobalSection(SolutionConfigurationPlatforms) = preSolution
		Debug|Any CPU = Debug|Any CPU
		Release|Any CPU = Release|Any CPU
	EndGlobalSection
	GlobalSection(ProjectConfigurationPlatforms) = postSolution
		{A1166DE2-41BC-467E-91A8-4CF57CF2E144}.Debug|Any CPU.ActiveCfg = Debug|Any CPU
		{A1166DE2-41BC-467E-91A8-4CF57CF2E144}.Debug|Any CPU.Build.0 = Debug|Any CPU
		{A1166DE2-41BC-467E-91A8-4CF57CF2E144}.Release|Any CPU.ActiveCfg = Release|Any CPU
		{A1166DE2-41BC-467E-91A8-4CF57CF2E144}.Release|Any CPU.Build.0 = Release|Any CPU
	EndGlobalSection
	GlobalSection(SolutionProperties) = preSolution
		HideSolutionNode = FALSE
	EndGlobalSection
	GlobalSection(ExtensibilityGlobals) = postSolution
		SolutionGuid = {F43ED96C-79C6-406D-B8B7-BB69F6F77F40}
	EndGlobalSection
EndGlobal
